{
  "nodes": {
    "firefox-addons": {
      "inputs": {
        "nixpkgs": [
          "nixpkgs"
        ]
      },
      "locked": {
        "dir": "pkgs/firefox-addons",
        "lastModified": 1791172946,
        "narHash": "sha256-dqhLZafEJaHmjoVpss9kC/gNY0K25rZEq+W9NWLepZE=",
        "owner": "rycee",
        "repo": "nur-expressions",
        "rev": "b29e6cab45b83b19338d80037f60ffd5f32728d4",
        "type": "gitlab"
      },
      "original": {
        "dir": "pkgs/firefox-addons",
        "owner": "rycee",
        "repo": "nur-expressions",
        "type": "gitlab"
      }
    },
    "flake-compat": {
      "flake": false,
      "locked": {
        "lastModified": 1767039857,
        "narHash": "sha256-vNpUSpF5Nuw8xvDLj2KCwwksIbjua2LZCqhV1LNRDns=",
        "owner": "NixOS",
        "repo": "flake-compat",
        "rev": "5edf11c44bc78a0d334f6334cdaf7d60d732daab",
        "type": "github"
      },
      "original": {
        "owner": "NixOS",
        "repo": "flake-compat",
        "type": "github"
      }
    },
    "flake-utils": {
      "inputs": {
        "systems": "systems"
      },
      "locked": {
        "lastModified": 1731533236,
        "narHash": "sha256-l0KFg5HjrsfsO/JpG+r7fRrqm12kzFHyUHqHCVpMMbI=",
        "owner": "numtide",
        "repo": "flake-utils",
        "rev": "11707dc2f618dd54ca8739b309ec4fc024de578b",
        "type": "github"
      },
      "original": {
        "owner": "numtide",
        "repo": "flake-utils",
        "type": "github"
      }
    },
    "home-manager": {
      "inputs": {
        "nixpkgs": [
          "nixpkgs"
        ]
      },
      "locked": {
        "lastModified": 1791163078,
        "narHash": "sha256-DiuwfdoZtEqVRsWuAhXcHa+cfvkr0t/xWW8ugkcxNyI=",
        "owner": "nix-community",
        "repo": "home-manager",
        "rev": "f53f3267f5d009dd8f99443505e609389d7ff267",
        "type": "github"
      },
      "original": {
        "owner": "nix-community",
        "repo": "home-manager",
        "type": "github"
      }
    },
    "import-tree": {
      "locked": {
        "lastModified": 1788467110,
        "narHash": "sha256-ljEMTXP/rH0tOvDzc9gzwww6KcHRPRnEHzd9lK48V7s=",
        "owner": "vic",
        "repo": "import-tree",
        "rev": "eb1b52eaecc57f7c136d07ae8a93e724dfecac46",
        "type": "github"
      },
      "original": {
        "owner": "vic",
        "repo": "import-tree",
        "type": "github"
      }
    },
    "nixpkgs": {
      "locked": {
        "lastModified": 1789921291,
        "narHash": "sha256-Ft/BRnIqw1MywFoXydKobjjWmDFgDdYtSpJliE8+yUw=",
        "owner": "NixOS",
        "repo": "nixpkgs",
        "rev": "44a91898084f46797b5fac650c7e8c9ac38c43d4",
        "type": "github"
      },
      "original": {
        "owner": "NixOS",
        "ref": "nixos-unstable",
        "repo": "nixpkgs",
        "type": "github"
      }
    },
    "nixpkgs_2": {
      "locked": {
        "lastModified": 1790822859,
        "narHash": "sha256-VBA0QerzzmL+4wxgtwiCdiLwLpJg2/9xOxhgO3BRJQA=",
        "rev": "c59305bab2065cfecc4944690d9eedbb56f3a9fa",
        "type": "tarball",
        "url": "https://releases.nixos.org/nixos/unstable/nixos-26.11pre1083223.c59305bab206/nixexprs.tar.zst"
      },
      "original": {
        "type": "tarball",
        "url": "https://channels.nixos.org/nixos-unstable/nixexprs.tar.zst"
      }
    },
    "nixpkgs_3": {
      "locked": {
        "lastModified": 1780243769,
        "narHash": "sha256-x5UQuRsH3MqI0U9afaXSNqzTPSeZlRLvFAav2Ux1pNw=",
        "owner": "NixOS",
        "repo": "nixpkgs",
        "rev": "331800de5053fcebacf6813adb5db9c9dca22a0c",
        "type": "github"
      },
      "original": {
        "owner": "NixOS",
        "ref": "nixos-unstable",
        "repo": "nixpkgs",
        "type": "github"
      }
    },
    "nixpkgs_4": {
      "locked": {
        "lastModified": 1790822859,
        "narHash": "sha256-69xHQhAeMAD2wDXO7T2pcOZIF9Sga2W+JkmY2a11Ops=",
        "owner": "NixOS",
        "repo": "nixpkgs",
        "rev": "c59305bab2065cfecc4944690d9eedbb56f3a9fa",
        "type": "github"
      },
      "original": {
        "owner": "NixOS",
        "ref": "nixos-unstable",
        "repo": "nixpkgs",
        "type": "github"
      }
    },
    "noctalia": {
      "inputs": {
        "nixpkgs": "nixpkgs_2"
      },
      "locked": {
        "lastModified": 1791048152,
        "narHash": "sha256-R+cq28uDVDRY//7BjWXh/oKGv+yIrDsuFJJX9H41yEo=",
        "owner": "noctalia-dev",
        "repo": "noctalia",
        "rev": "e639a87e811ad3268c73f6d5e77669c94184ba15",
        "type": "github"
      },
      "original": {
        "owner": "noctalia-dev",
        "ref": "cachix",
        "repo": "noctalia",
        "type": "github"
      }
    },
    "qylock": {
      "inputs": {
        "flake-compat": "flake-compat",
        "flake-utils": "flake-utils",
        "nixpkgs": "nixpkgs_3"
      },
      "locked": {
        "lastModified": 1789360700,
        "narHash": "sha256-ELHBl+9ueNJhoNYRioSIHb/K7f+SNsesG/+X5ijA+NA=",
        "owner": "Darkkal44",
        "repo": "qylock",
        "rev": "f6561e2ceae33f26e5e660742a5df2f725cbe514",
        "type": "github"
      },
      "original": {
        "owner": "Darkkal44",
        "repo": "qylock",
        "type": "github"
      }
    },
    "root": {
      "inputs": {
        "firefox-addons": "firefox-addons",
        "home-manager": "home-manager",
        "import-tree": "import-tree",
        "nixpkgs": "nixpkgs",
        "noctalia": "noctalia",
        "qylock": "qylock",
        "sonora": "sonora",
        "zen-browser": "zen-browser"
      }
    },
    "rust-overlay": {
      "inputs": {
        "nixpkgs": [
          "sonora",
          "nixpkgs"
        ]
      },
      "locked": {
        "lastModified": 1789196581,
        "narHash": "sha256-yJr1Bt4fKkKIpPYbsKGqJ0VFdoDnURgRwuffmBQ2WzY=",
        "owner": "oxalica",
        "repo": "rust-overlay",
        "rev": "228ecefb6329d5a531b77b46b581a2f0c26ee056",
        "type": "github"
      },
      "original": {
        "owner": "oxalica",
        "repo": "rust-overlay",
        "type": "github"
      }
    },
    "sonora": {
      "inputs": {
        "nixpkgs": "nixpkgs_4",
        "rust-overlay": "rust-overlay"
      },
      "locked": {
        "lastModified": 1790968365,
        "narHash": "sha256-RDh/GgVwYk1C10ZlalX0GwYHxlb4Jrab5Wob3sNyNWk=",
        "owner": "sonorahq",
        "repo": "sonora",
        "rev": "9f6567874582749b675a59ee705a8447191da6b6",
        "type": "github"
      },
      "original": {
        "owner": "sonorahq",
        "repo": "sonora",
        "type": "github"
      }
    },
    "systems": {
      "locked": {
        "lastModified": 1681028828,
        "narHash": "sha256-Vy1rq5AaRuLzOxct8nz4T6wlgyUR7zLU309k9mBC768=",
        "owner": "nix-systems",
        "repo": "default",
        "rev": "da67096a3b9bf56a91d16901293e51ba5b49a27e",
        "type": "github"
      },
      "original": {
        "owner": "nix-systems",
        "repo": "default",
        "type": "github"
      }
    },
    "zen-browser": {
      "inputs": {
        "home-manager": [
          "home-manager"
        ],
        "nixpkgs": [
          "nixpkgs"
        ]
      },
      "locked": {
        "lastModified": 1791022445,
        "narHash": "sha256-jr7YVkvOYS+bJjzBwoqtN8b8inJN8UDWziWufAWH1SY=",
        "owner": "0xc000022070",
        "repo": "zen-browser-flake",
        "rev": "e56900732d1fa6f360db502451a457ffe3ca1e6e",
        "type": "github"
      },
      "original": {
        "owner": "0xc000022070",
        "repo": "zen-browser-flake",
        "type": "github"
      }
    }
  },
  "root": "root",
  "version": 7
}
