{
  "nodes": {
    "firefox-addons": {
      "inputs": {
        "nixpkgs": [
          "nixpkgs"
        ]
      },
      "locked": {
        "dir": "pkgs/firefox-addons",
        "lastModified": 1790050043,
        "narHash": "sha256-9AON9yobX4u/kxuYsKQdIqkmtQOidUKYr9v3lkMWbdI=",
        "owner": "rycee",
        "repo": "nur-expressions",
        "rev": "cccbf65edf67b976a9cee39035bcebc89638420c",
        "type": "gitlab"
      },
      "original": {
        "dir": "pkgs/firefox-addons",
        "owner": "rycee",
        "repo": "nur-expressions",
        "type": "gitlab"
      }
    },
    "flake-compat": {
      "flake": false,
      "locked": {
        "lastModified": 1767039857,
        "narHash": "sha256-vNpUSpF5Nuw8xvDLj2KCwwksIbjua2LZCqhV1LNRDns=",
        "owner": "NixOS",
        "repo": "flake-compat",
        "rev": "5edf11c44bc78a0d334f6334cdaf7d60d732daab",
        "type": "github"
      },
      "original": {
        "owner": "NixOS",
        "repo": "flake-compat",
        "type": "github"
      }
    },
    "flake-utils": {
      "inputs": {
        "systems": "systems"
      },
      "locked": {
        "lastModified": 1731533236,
        "narHash": "sha256-l0KFg5HjrsfsO/JpG+r7fRrqm12kzFHyUHqHCVpMMbI=",
        "owner": "numtide",
        "repo": "flake-utils",
        "rev": "11707dc2f618dd54ca8739b309ec4fc024de578b",
        "type": "github"
      },
      "original": {
        "owner": "numtide",
        "repo": "flake-utils",
        "type": "github"
      }
    },
    "home-manager": {
      "inputs": {
        "nixpkgs": [
          "nixpkgs"
        ]
      },
      "locked": {
        "lastModified": 1790080548,
        "narHash": "sha256-u4sa7RCbwvk8cZmAGs35F7o0h4IqDc3wsrrnjQvMumk=",
        "owner": "nix-community",
        "repo": "home-manager",
        "rev": "cbcbfa2778e0c5653ef349df3ebae8288efac3c0",
        "type": "github"
      },
      "original": {
        "owner": "nix-community",
        "repo": "home-manager",
        "type": "github"
      }
    },
    "import-tree": {
      "locked": {
        "lastModified": 1788467110,
        "narHash": "sha256-ljEMTXP/rH0tOvDzc9gzwww6KcHRPRnEHzd9lK48V7s=",
        "owner": "vic",
        "repo": "import-tree",
        "rev": "eb1b52eaecc57f7c136d07ae8a93e724dfecac46",
        "type": "github"
      },
      "original": {
        "owner": "vic",
        "repo": "import-tree",
        "type": "github"
      }
    },
    "nixpkgs": {
      "locked": {
        "lastModified": 1789921291,
        "narHash": "sha256-Ft/BRnIqw1MywFoXydKobjjWmDFgDdYtSpJliE8+yUw=",
        "owner": "NixOS",
        "repo": "nixpkgs",
        "rev": "44a91898084f46797b5fac650c7e8c9ac38c43d4",
        "type": "github"
      },
      "original": {
        "owner": "NixOS",
        "ref": "nixos-unstable",
        "repo": "nixpkgs",
        "type": "github"
      }
    },
    "nixpkgs_2": {
      "locked": {
        "lastModified": 1789785513,
        "narHash": "sha256-BMbikTjbh5H7ac/OjwGoJrlooh4dgNqhs51ABM83M7g=",
        "rev": "20b1ddd1aa5ace70c9468305030aa4f9ef79671b",
        "type": "tarball",
        "url": "https://releases.nixos.org/nixos/unstable/nixos-26.11pre1076192.20b1ddd1aa5a/nixexprs.tar.zst"
      },
      "original": {
        "type": "tarball",
        "url": "https://channels.nixos.org/nixos-unstable/nixexprs.tar.zst"
      }
    },
    "nixpkgs_3": {
      "locked": {
        "lastModified": 1780243769,
        "narHash": "sha256-x5UQuRsH3MqI0U9afaXSNqzTPSeZlRLvFAav2Ux1pNw=",
        "owner": "NixOS",
        "repo": "nixpkgs",
        "rev": "331800de5053fcebacf6813adb5db9c9dca22a0c",
        "type": "github"
      },
      "original": {
        "owner": "NixOS",
        "ref": "nixos-unstable",
        "repo": "nixpkgs",
        "type": "github"
      }
    },
    "nixpkgs_4": {
      "locked": {
        "lastModified": 1789149629,
        "narHash": "sha256-H6GwaZzZf+4npqv0tph94w9tZddSjFjmQrVsW0z78uk=",
        "owner": "NixOS",
        "repo": "nixpkgs",
        "rev": "eaad089433ca2bb662274377d33df3d0e51ef28b",
        "type": "github"
      },
      "original": {
        "owner": "NixOS",
        "ref": "nixos-unstable",
        "repo": "nixpkgs",
        "type": "github"
      }
    },
    "noctalia": {
      "inputs": {
        "nixpkgs": "nixpkgs_2"
      },
      "locked": {
        "lastModified": 1790028198,
        "narHash": "sha256-JKSjpqxdYNgUCbJChm+3rkz5lentMk/bEcZgk7Byqj0=",
        "owner": "noctalia-dev",
        "repo": "noctalia",
        "rev": "e7acd065406bdac81b631e1a336611bfcfaca711",
        "type": "github"
      },
      "original": {
        "owner": "noctalia-dev",
        "ref": "cachix",
        "repo": "noctalia",
        "type": "github"
      }
    },
    "qylock": {
      "inputs": {
        "flake-compat": "flake-compat",
        "flake-utils": "flake-utils",
        "nixpkgs": "nixpkgs_3"
      },
      "locked": {
        "lastModified": 1789360700,
        "narHash": "sha256-ELHBl+9ueNJhoNYRioSIHb/K7f+SNsesG/+X5ijA+NA=",
        "owner": "Darkkal44",
        "repo": "qylock",
        "rev": "f6561e2ceae33f26e5e660742a5df2f725cbe514",
        "type": "github"
      },
      "original": {
        "owner": "Darkkal44",
        "repo": "qylock",
        "type": "github"
      }
    },
    "root": {
      "inputs": {
        "firefox-addons": "firefox-addons",
        "home-manager": "home-manager",
        "import-tree": "import-tree",
        "nixpkgs": "nixpkgs",
        "noctalia": "noctalia",
        "qylock": "qylock",
        "sonora": "sonora",
        "zen-browser": "zen-browser"
      }
    },
    "rust-overlay": {
      "inputs": {
        "nixpkgs": [
          "sonora",
          "nixpkgs"
        ]
      },
      "locked": {
        "lastModified": 1789196581,
        "narHash": "sha256-yJr1Bt4fKkKIpPYbsKGqJ0VFdoDnURgRwuffmBQ2WzY=",
        "owner": "oxalica",
        "repo": "rust-overlay",
        "rev": "228ecefb6329d5a531b77b46b581a2f0c26ee056",
        "type": "github"
      },
      "original": {
        "owner": "oxalica",
        "repo": "rust-overlay",
        "type": "github"
      }
    },
    "sonora": {
      "inputs": {
        "nixpkgs": "nixpkgs_4",
        "rust-overlay": "rust-overlay"
      },
      "locked": {
        "lastModified": 1790362344,
        "narHash": "sha256-Y2vaIbopi/poBboWCxYyF+1X6dAI9D/rQhUmMEFP3hs=",
        "owner": "sonorahq",
        "repo": "sonora",
        "rev": "b135b9c66d5bfc59d00752dfd3a2cd821c6c24af",
        "type": "github"
      },
      "original": {
        "owner": "sonorahq",
        "repo": "sonora",
        "type": "github"
      }
    },
    "systems": {
      "locked": {
        "lastModified": 1681028828,
        "narHash": "sha256-Vy1rq5AaRuLzOxct8nz4T6wlgyUR7zLU309k9mBC768=",
        "owner": "nix-systems",
        "repo": "default",
        "rev": "da67096a3b9bf56a91d16901293e51ba5b49a27e",
        "type": "github"
      },
      "original": {
        "owner": "nix-systems",
        "repo": "default",
        "type": "github"
      }
    },
    "zen-browser": {
      "inputs": {
        "home-manager": [
          "home-manager"
        ],
        "nixpkgs": [
          "nixpkgs"
        ]
      },
      "locked": {
        "lastModified": 1789962061,
        "narHash": "sha256-gyzlqZi+R1cq/n/c6vh5Rz10M7QausR/O8v+YGAOyTA=",
        "owner": "0xc000022070",
        "repo": "zen-browser-flake",
        "rev": "1c3a1fcacf97eb3792e9292e3afc0edbfcfa01d4",
        "type": "github"
      },
      "original": {
        "owner": "0xc000022070",
        "repo": "zen-browser-flake",
        "type": "github"
      }
    }
  },
  "root": "root",
  "version": 7
}
